
Microsoft Visual Studio Solution File, Format Version 12.00
# Visual Studio Version 16
VisualStudioVersion = 16.0.30114.105
MinimumVisualStudioVersion = 10.0.40219.1
Project("{FAE04EC0-301F-11D3-BF4B-00C04F79EFBC}") = "auth.api", "auth.api\auth.api.csproj", "{2F470D96-30B6-4F3B-B274-5644BFF33661}"
EndProject
Project("{FAE04EC0-301F-11D3-BF4B-00C04F79EFBC}") = "auth.api.test", "auth.api.test\auth.api.test.csproj", "{8E962A3A-1809-450D-BF58-A3D21653E0C3}"
EndProject
Global
	GlobalSection(SolutionConfigurationPlatforms) = preSolution
		Debug|Any CPU = Debug|Any CPU
		Release|Any CPU = Release|Any CPU
	EndGlobalSection
	GlobalSection(SolutionProperties) = preSolution
		HideSolutionNode = FALSE
	EndGlobalSection
	GlobalSection(ProjectConfigurationPlatforms) = postSolution
		{2F470D96-30B6-4F3B-B274-5644BFF33661}.Debug|Any CPU.ActiveCfg = Debug|Any CPU
		{2F470D96-30B6-4F3B-B274-5644BFF33661}.Debug|Any CPU.Build.0 = Debug|Any CPU
		{2F470D96-30B6-4F3B-B274-5644BFF33661}.Release|Any CPU.ActiveCfg = Release|Any CPU
		{2F470D96-30B6-4F3B-B274-5644BFF33661}.Release|Any CPU.Build.0 = Release|Any CPU
		{8E962A3A-1809-450D-BF58-A3D21653E0C3}.Debug|Any CPU.ActiveCfg = Debug|Any CPU
		{8E962A3A-1809-450D-BF58-A3D21653E0C3}.Debug|Any CPU.Build.0 = Debug|Any CPU
		{8E962A3A-1809-450D-BF58-A3D21653E0C3}.Release|Any CPU.ActiveCfg = Release|Any CPU
		{8E962A3A-1809-450D-BF58-A3D21653E0C3}.Release|Any CPU.Build.0 = Release|Any CPU
	EndGlobalSection
EndGlobal
